
Microsoft Visual Studio Solution File, Format Version 12.00
# Visual Studio Version 16
VisualStudioVersion = 16.0.34729.46
MinimumVisualStudioVersion = 10.0.40219.1
Project("{FAE04EC0-301F-11D3-BF4B-00C04F79EFBC}") = "Lifora", "Lifora\Lifora.csproj", "{D96185C3-98DD-4810-B70C-B4F3E69178E4}"
	ProjectSection(ProjectDependencies) = postProject
		{AD87CD6D-FCD9-42BA-B697-A86F541333D2} = {AD87CD6D-FCD9-42BA-B697-A86F541333D2}
	EndProjectSection
EndProject
Project("{FAE04EC0-301F-11D3-BF4B-00C04F79EFBC}") = "CapaDeDatos", "CapaDeDatos\CapaDeDatos.csproj", "{60747B4D-667B-41C7-AE25-4F051CD35F60}"
	ProjectSection(ProjectDependencies) = postProject
		{AD87CD6D-FCD9-42BA-B697-A86F541333D2} = {AD87CD6D-FCD9-42BA-B697-A86F541333D2}
	EndProjectSection
EndProject
Project("{FAE04EC0-301F-11D3-BF4B-00C04F79EFBC}") = "CapaLogica", "CapaLogica\CapaLogica.csproj", "{AD87CD6D-FCD9-42BA-B697-A86F541333D2}"
EndProject
Global
	GlobalSection(SolutionConfigurationPlatforms) = preSolution
		Debug|Any CPU = Debug|Any CPU
		Release|Any CPU = Release|Any CPU
	EndGlobalSection
	GlobalSection(ProjectConfigurationPlatforms) = postSolution
		{D96185C3-98DD-4810-B70C-B4F3E69178E4}.Debug|Any CPU.ActiveCfg = Debug|Any CPU
		{D96185C3-98DD-4810-B70C-B4F3E69178E4}.Debug|Any CPU.Build.0 = Debug|Any CPU
		{D96185C3-98DD-4810-B70C-B4F3E69178E4}.Release|Any CPU.ActiveCfg = Release|Any CPU
		{D96185C3-98DD-4810-B70C-B4F3E69178E4}.Release|Any CPU.Build.0 = Release|Any CPU
		{60747B4D-667B-41C7-AE25-4F051CD35F60}.Debug|Any CPU.ActiveCfg = Debug|Any CPU
		{60747B4D-667B-41C7-AE25-4F051CD35F60}.Debug|Any CPU.Build.0 = Debug|Any CPU
		{60747B4D-667B-41C7-AE25-4F051CD35F60}.Release|Any CPU.ActiveCfg = Release|Any CPU
		{60747B4D-667B-41C7-AE25-4F051CD35F60}.Release|Any CPU.Build.0 = Release|Any CPU
		{AD87CD6D-FCD9-42BA-B697-A86F541333D2}.Debug|Any CPU.ActiveCfg = Debug|Any CPU
		{AD87CD6D-FCD9-42BA-B697-A86F541333D2}.Debug|Any CPU.Build.0 = Debug|Any CPU
		{AD87CD6D-FCD9-42BA-B697-A86F541333D2}.Release|Any CPU.ActiveCfg = Release|Any CPU
		{AD87CD6D-FCD9-42BA-B697-A86F541333D2}.Release|Any CPU.Build.0 = Release|Any CPU
	EndGlobalSection
	GlobalSection(SolutionProperties) = preSolution
		HideSolutionNode = FALSE
	EndGlobalSection
	GlobalSection(ExtensibilityGlobals) = postSolution
		SolutionGuid = {782767B1-CAC7-47ED-B245-214F2B569446}
	EndGlobalSection
EndGlobal
